// !$*UTF8*$!
{
	archiveVersion = 1;
	classes = {
	};
	objectVersion = 55;
	objects = {

/* Begin PBXBuildFile section */
		89199162B375D569C33936E9 /* Pods_PokerBrosV2_PokerBrosV2UITests.framework in Frameworks */ = {isa = PBXBuildFile; fileRef = 4C705C450E6048C3AF132519 /* Pods_PokerBrosV2_PokerBrosV2UITests.framework */; };
		AE16BD0E3C93A1846A609238 /* Pods_PokerBrosV2Tests.framework in Frameworks */ = {isa = PBXBuildFile; fileRef = 91BEBF7405A2A74E71074F65 /* Pods_PokerBrosV2Tests.framework */; };
		B81BBACB283E5FD900FA89EB /* MainPage.swift in Sources */ = {isa = PBXBuildFile; fileRef = B81BBACA283E5FD900FA89EB /* MainPage.swift */; };
		B81BBACD283E5FEE00FA89EB /* SignUpPage.swift in Sources */ = {isa = PBXBuildFile; fileRef = B81BBACC283E5FEE00FA89EB /* SignUpPage.swift */; };
		B81BBACF283E5FFA00FA89EB /* LogInPage.swift in Sources */ = {isa = PBXBuildFile; fileRef = B81BBACE283E5FFA00FA89EB /* LogInPage.swift */; };
		B8A7996C283D2A8700F80FFD /* AppDelegate.swift in Sources */ = {isa = PBXBuildFile; fileRef = B8A7996B283D2A8700F80FFD /* AppDelegate.swift */; };
		B8A7996E283D2A8700F80FFD /* SceneDelegate.swift in Sources */ = {isa = PBXBuildFile; fileRef = B8A7996D283D2A8700F80FFD /* SceneDelegate.swift */; };
		B8A79970283D2A8700F80FFD /* ViewController.swift in Sources */ = {isa = PBXBuildFile; fileRef = B8A7996F283D2A8700F80FFD /* ViewController.swift */; };
		B8A79973283D2A8700F80FFD /* Main.storyboard in Resources */ = {isa = PBXBuildFile; fileRef = B8A79971283D2A8700F80FFD /* Main.storyboard */; };
		B8A79976283D2A8700F80FFD /* PokerBrosV2.xcdatamodeld in Sources */ = {isa = PBXBuildFile; fileRef = B8A79974283D2A8700F80FFD /* PokerBrosV2.xcdatamodeld */; };
		B8A79978283D2A8800F80FFD /* Assets.xcassets in Resources */ = {isa = PBXBuildFile; fileRef = B8A79977283D2A8800F80FFD /* Assets.xcassets */; };
		B8A7997B283D2A8800F80FFD /* LaunchScreen.storyboard in Resources */ = {isa = PBXBuildFile; fileRef = B8A79979283D2A8800F80FFD /* LaunchScreen.storyboard */; };
		B8A79986283D2A8800F80FFD /* PokerBrosV2Tests.swift in Sources */ = {isa = PBXBuildFile; fileRef = B8A79985283D2A8800F80FFD /* PokerBrosV2Tests.swift */; };
		B8A79990283D2A8800F80FFD /* PokerBrosV2UITests.swift in Sources */ = {isa = PBXBuildFile; fileRef = B8A7998F283D2A8800F80FFD /* PokerBrosV2UITests.swift */; };
		B8A79992283D2A8800F80FFD /* PokerBrosV2UITestsLaunchTests.swift in Sources */ = {isa = PBXBuildFile; fileRef = B8A79991283D2A8800F80FFD /* PokerBrosV2UITestsLaunchTests.swift */; };
		B8A799A1283D3F9500F80FFD /* GoogleService-Info.plist in Resources */ = {isa = PBXBuildFile; fileRef = B8A799A0283D3F9500F80FFD /* GoogleService-Info.plist */; };
		B8A799A2283D3F9500F80FFD /* GoogleService-Info.plist in Resources */ = {isa = PBXBuildFile; fileRef = B8A799A0283D3F9500F80FFD /* GoogleService-Info.plist */; };
		B8A799A3283D3F9500F80FFD /* GoogleService-Info.plist in Resources */ = {isa = PBXBuildFile; fileRef = B8A799A0283D3F9500F80FFD /* GoogleService-Info.plist */; };
		B8D39BCA2865C30600C207BA /* NewExpense.swift in Sources */ = {isa = PBXBuildFile; fileRef = B8D39BC92865C30600C207BA /* NewExpense.swift */; };
		B8D39BCD2865CA0100C207BA /* PotOddsPage.swift in Sources */ = {isa = PBXBuildFile; fileRef = B8D39BCC2865CA0100C207BA /* PotOddsPage.swift */; };
		B8D39BCF2865CA1D00C207BA /* PotOddsCalcPage.swift in Sources */ = {isa = PBXBuildFile; fileRef = B8D39BCE2865CA1D00C207BA /* PotOddsCalcPage.swift */; };
		C70517812858BC3D0085795D /* Tracker.swift in Sources */ = {isa = PBXBuildFile; fileRef = C70517802858BC3D0085795D /* Tracker.swift */; };
		C70517832858BCA10085795D /* TrackerCocoa.swift in Sources */ = {isa = PBXBuildFile; fileRef = C70517822858BCA10085795D /* TrackerCocoa.swift */; };
		C70517852858C4680085795D /* Extensions.swift in Sources */ = {isa = PBXBuildFile; fileRef = C70517842858C4680085795D /* Extensions.swift */; };
		C70517872858CA2F0085795D /* GameModel.swift in Sources */ = {isa = PBXBuildFile; fileRef = C70517862858CA2F0085795D /* GameModel.swift */; };
		C70517892858CB820085795D /* PreviewData.swift in Sources */ = {isa = PBXBuildFile; fileRef = C70517882858CB820085795D /* PreviewData.swift */; };
		C705178D2858CD010085795D /* GameRow.swift in Sources */ = {isa = PBXBuildFile; fileRef = C705178C2858CD010085795D /* GameRow.swift */; };
		C705178F2859021D0085795D /* GameListViewModel.swift in Sources */ = {isa = PBXBuildFile; fileRef = C705178E2859021D0085795D /* GameListViewModel.swift */; };
		C70A6FD6285367FF00758786 /* PreflopRangeQuizPage.swift in Sources */ = {isa = PBXBuildFile; fileRef = C70A6FD5285367FF00758786 /* PreflopRangeQuizPage.swift */; };
		C74666E728446D69000931E7 /* BasicRulesPage.swift in Sources */ = {isa = PBXBuildFile; fileRef = C74666E628446D69000931E7 /* BasicRulesPage.swift */; };
		C74666E92844BF14000931E7 /* BasicRulesQuizPage.swift in Sources */ = {isa = PBXBuildFile; fileRef = C74666E82844BF14000931E7 /* BasicRulesQuizPage.swift */; };
		C74666EB2844F83D000931E7 /* PreflopRangePage.swift in Sources */ = {isa = PBXBuildFile; fileRef = C74666EA2844F83D000931E7 /* PreflopRangePage.swift */; };
		C78685352855D112002A9504 /* PostFlopPage.swift in Sources */ = {isa = PBXBuildFile; fileRef = C78685342855D112002A9504 /* PostFlopPage.swift */; };
		C78685392855D162002A9504 /* PostflopQuizPage.swift in Sources */ = {isa = PBXBuildFile; fileRef = C78685382855D162002A9504 /* PostflopQuizPage.swift */; };
		C78B64EC28440DB6001989BA /* Quiz.swift in Sources */ = {isa = PBXBuildFile; fileRef = C78B64EB28440DB6001989BA /* Quiz.swift */; };
		C7D265B92860E5A500CEF89A /* TrackerApp.swift in Sources */ = {isa = PBXBuildFile; fileRef = C7D265B82860E5A500CEF89A /* TrackerApp.swift */; };
		C7D265BC2860EC6E00CEF89A /* Home.swift in Sources */ = {isa = PBXBuildFile; fileRef = C7D265BB2860EC6E00CEF89A /* Home.swift */; };
		C7D265BE2860EC8A00CEF89A /* ContentView.swift in Sources */ = {isa = PBXBuildFile; fileRef = C7D265BD2860EC8A00CEF89A /* ContentView.swift */; };
		C7D265C02860ED3000CEF89A /* Expense.swift in Sources */ = {isa = PBXBuildFile; fileRef = C7D265BF2860ED3000CEF89A /* Expense.swift */; };
		C7D265C22860EED200CEF89A /* ExpenseViewModel.swift in Sources */ = {isa = PBXBuildFile; fileRef = C7D265C12860EED200CEF89A /* ExpenseViewModel.swift */; };
		C7D265C42861119C00CEF89A /* TrackerCocoaOLD.swift in Sources */ = {isa = PBXBuildFile; fileRef = C7D265C32861119C00CEF89A /* TrackerCocoaOLD.swift */; };
		C7D265C6286115EA00CEF89A /* TransactionCardView.swift in Sources */ = {isa = PBXBuildFile; fileRef = C7D265C5286115EA00CEF89A /* TransactionCardView.swift */; };
		C7D265C82861D0B100CEF89A /* FilteredDetailView.swift in Sources */ = {isa = PBXBuildFile; fileRef = C7D265C72861D0B000CEF89A /* FilteredDetailView.swift */; };
		C7D265CA28625C6200CEF89A /* ExpenseCard.swift in Sources */ = {isa = PBXBuildFile; fileRef = C7D265C928625C6200CEF89A /* ExpenseCard.swift */; };
		C7F997372843528000C504B3 /* HomePage.swift in Sources */ = {isa = PBXBuildFile; fileRef = C7F997362843528000C504B3 /* HomePage.swift */; };
		C7F9973A28437E1A00C504B3 /* Constants.swift in Sources */ = {isa = PBXBuildFile; fileRef = C7F9973928437E1A00C504B3 /* Constants.swift */; };
		C7F99740284388F900C504B3 /* ProfilePage.swift in Sources */ = {isa = PBXBuildFile; fileRef = C7F9973F284388F900C504B3 /* ProfilePage.swift */; };
		D6805DCFAF29C3C452CA6AAE /* Pods_PokerBrosV2.framework in Frameworks */ = {isa = PBXBuildFile; fileRef = 69D36C34559F6FE0503B93BA /* Pods_PokerBrosV2.framework */; };
/* End PBXBuildFile section */

/* Begin PBXContainerItemProxy section */
		B8A79982283D2A8800F80FFD /* PBXContainerItemProxy */ = {
			isa = PBXContainerItemProxy;
			containerPortal = B8A79960283D2A8700F80FFD /* Project object */;
			proxyType = 1;
			remoteGlobalIDString = B8A79967283D2A8700F80FFD;
			remoteInfo = PokerBrosV2;
		};
		B8A7998C283D2A8800F80FFD /* PBXContainerItemProxy */ = {
			isa = PBXContainerItemProxy;
			containerPortal = B8A79960283D2A8700F80FFD /* Project object */;
			proxyType = 1;
			remoteGlobalIDString = B8A79967283D2A8700F80FFD;
			remoteInfo = PokerBrosV2;
		};
/* End PBXContainerItemProxy section */

/* Begin PBXFileReference section */
		4C705C450E6048C3AF132519 /* Pods_PokerBrosV2_PokerBrosV2UITests.framework */ = {isa = PBXFileReference; explicitFileType = wrapper.framework; includeInIndex = 0; path = Pods_PokerBrosV2_PokerBrosV2UITests.framework; sourceTree = BUILT_PRODUCTS_DIR; };
		64B5E40A483E6D933FCC7029 /* Pods-PokerBrosV2Tests.debug.xcconfig */ = {isa = PBXFileReference; includeInIndex = 1; lastKnownFileType = text.xcconfig; name = "Pods-PokerBrosV2Tests.debug.xcconfig"; path = "Target Support Files/Pods-PokerBrosV2Tests/Pods-PokerBrosV2Tests.debug.xcconfig"; sourceTree = "<group>"; };
		69D36C34559F6FE0503B93BA /* Pods_PokerBrosV2.framework */ = {isa = PBXFileReference; explicitFileType = wrapper.framework; includeInIndex = 0; path = Pods_PokerBrosV2.framework; sourceTree = BUILT_PRODUCTS_DIR; };
		6CA48A07EDEE43E45E901A6F /* Pods-PokerBrosV2.release.xcconfig */ = {isa = PBXFileReference; includeInIndex = 1; lastKnownFileType = text.xcconfig; name = "Pods-PokerBrosV2.release.xcconfig"; path = "Target Support Files/Pods-PokerBrosV2/Pods-PokerBrosV2.release.xcconfig"; sourceTree = "<group>"; };
		8524267318002F8D3AF4BAA6 /* Pods-PokerBrosV2-PokerBrosV2UITests.debug.xcconfig */ = {isa = PBXFileReference; includeInIndex = 1; lastKnownFileType = text.xcconfig; name = "Pods-PokerBrosV2-PokerBrosV2UITests.debug.xcconfig"; path = "Target Support Files/Pods-PokerBrosV2-PokerBrosV2UITests/Pods-PokerBrosV2-PokerBrosV2UITests.debug.xcconfig"; sourceTree = "<group>"; };
		91BEBF7405A2A74E71074F65 /* Pods_PokerBrosV2Tests.framework */ = {isa = PBXFileReference; explicitFileType = wrapper.framework; includeInIndex = 0; path = Pods_PokerBrosV2Tests.framework; sourceTree = BUILT_PRODUCTS_DIR; };
		AC6E3F80E4F08CCA6FC4DF1D /* Pods-PokerBrosV2.debug.xcconfig */ = {isa = PBXFileReference; includeInIndex = 1; lastKnownFileType = text.xcconfig; name = "Pods-PokerBrosV2.debug.xcconfig"; path = "Target Support Files/Pods-PokerBrosV2/Pods-PokerBrosV2.debug.xcconfig"; sourceTree = "<group>"; };
		B81BBACA283E5FD900FA89EB /* MainPage.swift */ = {isa = PBXFileReference; lastKnownFileType = sourcecode.swift; path = MainPage.swift; sourceTree = "<group>"; };
		B81BBACC283E5FEE00FA89EB /* SignUpPage.swift */ = {isa = PBXFileReference; lastKnownFileType = sourcecode.swift; path = SignUpPage.swift; sourceTree = "<group>"; };
		B81BBACE283E5FFA00FA89EB /* LogInPage.swift */ = {isa = PBXFileReference; lastKnownFileType = sourcecode.swift; path = LogInPage.swift; sourceTree = "<group>"; };
		B8A79968283D2A8700F80FFD /* PokerBrosV2.app */ = {isa = PBXFileReference; explicitFileType = wrapper.application; includeInIndex = 0; path = PokerBrosV2.app; sourceTree = BUILT_PRODUCTS_DIR; };
		B8A7996B283D2A8700F80FFD /* AppDelegate.swift */ = {isa = PBXFileReference; lastKnownFileType = sourcecode.swift; path = AppDelegate.swift; sourceTree = "<group>"; };
		B8A7996D283D2A8700F80FFD /* SceneDelegate.swift */ = {isa = PBXFileReference; lastKnownFileType = sourcecode.swift; path = SceneDelegate.swift; sourceTree = "<group>"; };
		B8A7996F283D2A8700F80FFD /* ViewController.swift */ = {isa = PBXFileReference; lastKnownFileType = sourcecode.swift; path = ViewController.swift; sourceTree = "<group>"; };
		B8A79972283D2A8700F80FFD /* Base */ = {isa = PBXFileReference; lastKnownFileType = file.storyboard; name = Base; path = Base.lproj/Main.storyboard; sourceTree = "<group>"; };
		B8A79975283D2A8700F80FFD /* PokerBrosV2.xcdatamodel */ = {isa = PBXFileReference; lastKnownFileType = wrapper.xcdatamodel; path = PokerBrosV2.xcdatamodel; sourceTree = "<group>"; };
		B8A79977283D2A8800F80FFD /* Assets.xcassets */ = {isa = PBXFileReference; lastKnownFileType = folder.assetcatalog; path = Assets.xcassets; sourceTree = "<group>"; };
		B8A7997A283D2A8800F80FFD /* Base */ = {isa = PBXFileReference; lastKnownFileType = file.storyboard; name = Base; path = Base.lproj/LaunchScreen.storyboard; sourceTree = "<group>"; };
		B8A7997C283D2A8800F80FFD /* Info.plist */ = {isa = PBXFileReference; lastKnownFileType = text.plist.xml; path = Info.plist; sourceTree = "<group>"; };
		B8A79981283D2A8800F80FFD /* PokerBrosV2Tests.xctest */ = {isa = PBXFileReference; explicitFileType = wrapper.cfbundle; includeInIndex = 0; path = PokerBrosV2Tests.xctest; sourceTree = BUILT_PRODUCTS_DIR; };
		B8A79985283D2A8800F80FFD /* PokerBrosV2Tests.swift */ = {isa = PBXFileReference; lastKnownFileType = sourcecode.swift; path = PokerBrosV2Tests.swift; sourceTree = "<group>"; };
		B8A7998B283D2A8800F80FFD /* PokerBrosV2UITests.xctest */ = {isa = PBXFileReference; explicitFileType = wrapper.cfbundle; includeInIndex = 0; path = PokerBrosV2UITests.xctest; sourceTree = BUILT_PRODUCTS_DIR; };
		B8A7998F283D2A8800F80FFD /* PokerBrosV2UITests.swift */ = {isa = PBXFileReference; lastKnownFileType = sourcecode.swift; path = PokerBrosV2UITests.swift; sourceTree = "<group>"; };
		B8A79991283D2A8800F80FFD /* PokerBrosV2UITestsLaunchTests.swift */ = {isa = PBXFileReference; lastKnownFileType = sourcecode.swift; path = PokerBrosV2UITestsLaunchTests.swift; sourceTree = "<group>"; };
		B8A799A0283D3F9500F80FFD /* GoogleService-Info.plist */ = {isa = PBXFileReference; fileEncoding = 4; lastKnownFileType = text.plist.xml; path = "GoogleService-Info.plist"; sourceTree = "<group>"; };
		B8D39BC92865C30600C207BA /* NewExpense.swift */ = {isa = PBXFileReference; lastKnownFileType = sourcecode.swift; path = NewExpense.swift; sourceTree = "<group>"; };
		B8D39BCC2865CA0100C207BA /* PotOddsPage.swift */ = {isa = PBXFileReference; lastKnownFileType = sourcecode.swift; path = PotOddsPage.swift; sourceTree = "<group>"; };
		B8D39BCE2865CA1D00C207BA /* PotOddsCalcPage.swift */ = {isa = PBXFileReference; lastKnownFileType = sourcecode.swift; path = PotOddsCalcPage.swift; sourceTree = "<group>"; };
		C26014840F747BA453271D5C /* Pods-PokerBrosV2Tests.release.xcconfig */ = {isa = PBXFileReference; includeInIndex = 1; lastKnownFileType = text.xcconfig; name = "Pods-PokerBrosV2Tests.release.xcconfig"; path = "Target Support Files/Pods-PokerBrosV2Tests/Pods-PokerBrosV2Tests.release.xcconfig"; sourceTree = "<group>"; };
		C70517802858BC3D0085795D /* Tracker.swift */ = {isa = PBXFileReference; lastKnownFileType = sourcecode.swift; path = Tracker.swift; sourceTree = "<group>"; };
		C70517822858BCA10085795D /* TrackerCocoa.swift */ = {isa = PBXFileReference; lastKnownFileType = sourcecode.swift; path = TrackerCocoa.swift; sourceTree = "<group>"; };
		C70517842858C4680085795D /* Extensions.swift */ = {isa = PBXFileReference; lastKnownFileType = sourcecode.swift; path = Extensions.swift; sourceTree = "<group>"; };
		C70517862858CA2F0085795D /* GameModel.swift */ = {isa = PBXFileReference; lastKnownFileType = sourcecode.swift; path = GameModel.swift; sourceTree = "<group>"; };
		C70517882858CB820085795D /* PreviewData.swift */ = {isa = PBXFileReference; lastKnownFileType = sourcecode.swift; path = PreviewData.swift; sourceTree = "<group>"; };
		C705178C2858CD010085795D /* GameRow.swift */ = {isa = PBXFileReference; lastKnownFileType = sourcecode.swift; path = GameRow.swift; sourceTree = "<group>"; };
		C705178E2859021D0085795D /* GameListViewModel.swift */ = {isa = PBXFileReference; lastKnownFileType = sourcecode.swift; path = GameListViewModel.swift; sourceTree = "<group>"; };
		C70A6FD5285367FF00758786 /* PreflopRangeQuizPage.swift */ = {isa = PBXFileReference; lastKnownFileType = sourcecode.swift; path = PreflopRangeQuizPage.swift; sourceTree = "<group>"; };
		C74666E628446D69000931E7 /* BasicRulesPage.swift */ = {isa = PBXFileReference; lastKnownFileType = sourcecode.swift; path = BasicRulesPage.swift; sourceTree = "<group>"; };
		C74666E82844BF14000931E7 /* BasicRulesQuizPage.swift */ = {isa = PBXFileReference; lastKnownFileType = sourcecode.swift; path = BasicRulesQuizPage.swift; sourceTree = "<group>"; };
		C74666EA2844F83D000931E7 /* PreflopRangePage.swift */ = {isa = PBXFileReference; lastKnownFileType = sourcecode.swift; path = PreflopRangePage.swift; sourceTree = "<group>"; };
		C78685342855D112002A9504 /* PostFlopPage.swift */ = {isa = PBXFileReference; lastKnownFileType = sourcecode.swift; path = PostFlopPage.swift; sourceTree = "<group>"; };
		C78685382855D162002A9504 /* PostflopQuizPage.swift */ = {isa = PBXFileReference; lastKnownFileType = sourcecode.swift; path = PostflopQuizPage.swift; sourceTree = "<group>"; };
		C78B64EB28440DB6001989BA /* Quiz.swift */ = {isa = PBXFileReference; lastKnownFileType = sourcecode.swift; path = Quiz.swift; sourceTree = "<group>"; };
		C7D265B82860E5A500CEF89A /* TrackerApp.swift */ = {isa = PBXFileReference; lastKnownFileType = sourcecode.swift; path = TrackerApp.swift; sourceTree = "<group>"; };
		C7D265BB2860EC6E00CEF89A /* Home.swift */ = {isa = PBXFileReference; lastKnownFileType = sourcecode.swift; path = Home.swift; sourceTree = "<group>"; };
		C7D265BD2860EC8A00CEF89A /* ContentView.swift */ = {isa = PBXFileReference; lastKnownFileType = sourcecode.swift; path = ContentView.swift; sourceTree = "<group>"; };
		C7D265BF2860ED3000CEF89A /* Expense.swift */ = {isa = PBXFileReference; lastKnownFileType = sourcecode.swift; path = Expense.swift; sourceTree = "<group>"; };
		C7D265C12860EED200CEF89A /* ExpenseViewModel.swift */ = {isa = PBXFileReference; lastKnownFileType = sourcecode.swift; path = ExpenseViewModel.swift; sourceTree = "<group>"; };
		C7D265C32861119C00CEF89A /* TrackerCocoaOLD.swift */ = {isa = PBXFileReference; lastKnownFileType = sourcecode.swift; path = TrackerCocoaOLD.swift; sourceTree = "<group>"; };
		C7D265C5286115EA00CEF89A /* TransactionCardView.swift */ = {isa = PBXFileReference; lastKnownFileType = sourcecode.swift; path = TransactionCardView.swift; sourceTree = "<group>"; };
		C7D265C72861D0B000CEF89A /* FilteredDetailView.swift */ = {isa = PBXFileReference; lastKnownFileType = sourcecode.swift; path = FilteredDetailView.swift; sourceTree = "<group>"; };
		C7D265C928625C6200CEF89A /* ExpenseCard.swift */ = {isa = PBXFileReference; lastKnownFileType = sourcecode.swift; path = ExpenseCard.swift; sourceTree = "<group>"; };
		C7F997362843528000C504B3 /* HomePage.swift */ = {isa = PBXFileReference; lastKnownFileType = sourcecode.swift; path = HomePage.swift; sourceTree = "<group>"; };
		C7F9973928437E1A00C504B3 /* Constants.swift */ = {isa = PBXFileReference; lastKnownFileType = sourcecode.swift; path = Constants.swift; sourceTree = "<group>"; };
		C7F9973F284388F900C504B3 /* ProfilePage.swift */ = {isa = PBXFileReference; lastKnownFileType = sourcecode.swift; path = ProfilePage.swift; sourceTree = "<group>"; };
		EC8324533BD091C69C356F4C /* Pods-PokerBrosV2-PokerBrosV2UITests.release.xcconfig */ = {isa = PBXFileReference; includeInIndex = 1; lastKnownFileType = text.xcconfig; name = "Pods-PokerBrosV2-PokerBrosV2UITests.release.xcconfig"; path = "Target Support Files/Pods-PokerBrosV2-PokerBrosV2UITests/Pods-PokerBrosV2-PokerBrosV2UITests.release.xcconfig"; sourceTree = "<group>"; };
/* End PBXFileReference section */

/* Begin PBXFrameworksBuildPhase section */
		B8A79965283D2A8700F80FFD /* Frameworks */ = {
			isa = PBXFrameworksBuildPhase;
			buildActionMask = 2147483647;
			files = (
				D6805DCFAF29C3C452CA6AAE /* Pods_PokerBrosV2.framework in Frameworks */,
			);
			runOnlyForDeploymentPostprocessing = 0;
		};
		B8A7997E283D2A8800F80FFD /* Frameworks */ = {
			isa = PBXFrameworksBuildPhase;
			buildActionMask = 2147483647;
			files = (
				AE16BD0E3C93A1846A609238 /* Pods_PokerBrosV2Tests.framework in Frameworks */,
			);
			runOnlyForDeploymentPostprocessing = 0;
		};
		B8A79988283D2A8800F80FFD /* Frameworks */ = {
			isa = PBXFrameworksBuildPhase;
			buildActionMask = 2147483647;
			files = (
				89199162B375D569C33936E9 /* Pods_PokerBrosV2_PokerBrosV2UITests.framework in Frameworks */,
			);
			runOnlyForDeploymentPostprocessing = 0;
		};
/* End PBXFrameworksBuildPhase section */

/* Begin PBXGroup section */
		274D5F807DC60807B05B9E44 /* Pods */ = {
			isa = PBXGroup;
			children = (
				AC6E3F80E4F08CCA6FC4DF1D /* Pods-PokerBrosV2.debug.xcconfig */,
				6CA48A07EDEE43E45E901A6F /* Pods-PokerBrosV2.release.xcconfig */,
				8524267318002F8D3AF4BAA6 /* Pods-PokerBrosV2-PokerBrosV2UITests.debug.xcconfig */,
				EC8324533BD091C69C356F4C /* Pods-PokerBrosV2-PokerBrosV2UITests.release.xcconfig */,
				64B5E40A483E6D933FCC7029 /* Pods-PokerBrosV2Tests.debug.xcconfig */,
				C26014840F747BA453271D5C /* Pods-PokerBrosV2Tests.release.xcconfig */,
			);
			path = Pods;
			sourceTree = "<group>";
		};
		B8999A3E286390BB0079EE6B /* ViewModel */ = {
			isa = PBXGroup;
			children = (
				C7D265C12860EED200CEF89A /* ExpenseViewModel.swift */,
			);
			path = ViewModel;
			sourceTree = "<group>";
		};
		B8999A3F286390CF0079EE6B /* Model */ = {
			isa = PBXGroup;
			children = (
				C7D265BF2860ED3000CEF89A /* Expense.swift */,
			);
			path = Model;
			sourceTree = "<group>";
		};
		B8A7995F283D2A8700F80FFD = {
			isa = PBXGroup;
			children = (
				B8A7996A283D2A8700F80FFD /* PokerBrosV2 */,
				B8A79984283D2A8800F80FFD /* PokerBrosV2Tests */,
				B8A7998E283D2A8800F80FFD /* PokerBrosV2UITests */,
				B8A79969283D2A8700F80FFD /* Products */,
				274D5F807DC60807B05B9E44 /* Pods */,
				B9B0049E0789D9D8503DE978 /* Frameworks */,
			);
			sourceTree = "<group>";
		};
		B8A79969283D2A8700F80FFD /* Products */ = {
			isa = PBXGroup;
			children = (
				B8A79968283D2A8700F80FFD /* PokerBrosV2.app */,
				B8A79981283D2A8800F80FFD /* PokerBrosV2Tests.xctest */,
				B8A7998B283D2A8800F80FFD /* PokerBrosV2UITests.xctest */,
			);
			name = Products;
			sourceTree = "<group>";
		};
		B8A7996A283D2A8700F80FFD /* PokerBrosV2 */ = {
			isa = PBXGroup;
			children = (
				C7F9973828437E0200C504B3 /* Helpers */,
				B8A7996B283D2A8700F80FFD /* AppDelegate.swift */,
				B8A7996D283D2A8700F80FFD /* SceneDelegate.swift */,
				B8A7996F283D2A8700F80FFD /* ViewController.swift */,
				B81BBACA283E5FD900FA89EB /* MainPage.swift */,
				B81BBACC283E5FEE00FA89EB /* SignUpPage.swift */,
				B81BBACE283E5FFA00FA89EB /* LogInPage.swift */,
				C7F997362843528000C504B3 /* HomePage.swift */,
				C7F9973F284388F900C504B3 /* ProfilePage.swift */,
				C78B64EA28440D98001989BA /* App Functions */,
				B8A79971283D2A8700F80FFD /* Main.storyboard */,
				B8A79979283D2A8800F80FFD /* LaunchScreen.storyboard */,
				B8A79977283D2A8800F80FFD /* Assets.xcassets */,
				C705177F2858BC070085795D /* Tracker function */,
				B8A7997C283D2A8800F80FFD /* Info.plist */,
				B8A79974283D2A8700F80FFD /* PokerBrosV2.xcdatamodeld */,
				B8A799A0283D3F9500F80FFD /* GoogleService-Info.plist */,
			);
			path = PokerBrosV2;
			sourceTree = "<group>";
		};
		B8A79984283D2A8800F80FFD /* PokerBrosV2Tests */ = {
			isa = PBXGroup;
			children = (
				B8A79985283D2A8800F80FFD /* PokerBrosV2Tests.swift */,
			);
			path = PokerBrosV2Tests;
			sourceTree = "<group>";
		};
		B8A7998E283D2A8800F80FFD /* PokerBrosV2UITests */ = {
			isa = PBXGroup;
			children = (
				B8A7998F283D2A8800F80FFD /* PokerBrosV2UITests.swift */,
				B8A79991283D2A8800F80FFD /* PokerBrosV2UITestsLaunchTests.swift */,
			);
			path = PokerBrosV2UITests;
			sourceTree = "<group>";
		};
		B8D39BCB2865C9C700C207BA /* PotOddsv1 */ = {
			isa = PBXGroup;
			children = (
				B8D39BCC2865CA0100C207BA /* PotOddsPage.swift */,
				B8D39BCE2865CA1D00C207BA /* PotOddsCalcPage.swift */,
			);
			path = PotOddsv1;
			sourceTree = "<group>";
		};
		B9B0049E0789D9D8503DE978 /* Frameworks */ = {
			isa = PBXGroup;
			children = (
				69D36C34559F6FE0503B93BA /* Pods_PokerBrosV2.framework */,
				4C705C450E6048C3AF132519 /* Pods_PokerBrosV2_PokerBrosV2UITests.framework */,
				91BEBF7405A2A74E71074F65 /* Pods_PokerBrosV2Tests.framework */,
			);
			name = Frameworks;
			sourceTree = "<group>";
		};
		C705177F2858BC070085795D /* Tracker function */ = {
			isa = PBXGroup;
			children = (
				C7D265B82860E5A500CEF89A /* TrackerApp.swift */,
				C70517802858BC3D0085795D /* Tracker.swift */,
				C70517822858BCA10085795D /* TrackerCocoa.swift */,
				C70517862858CA2F0085795D /* GameModel.swift */,
				C705178C2858CD010085795D /* GameRow.swift */,
				C705178E2859021D0085795D /* GameListViewModel.swift */,
				C70517882858CB820085795D /* PreviewData.swift */,
			);
			path = "Tracker function";
			sourceTree = "<group>";
		};
		C786853A2855D6BF002A9504 /* Quiz function */ = {
			isa = PBXGroup;
			children = (
				C78B64EB28440DB6001989BA /* Quiz.swift */,
				C74666E628446D69000931E7 /* BasicRulesPage.swift */,
				C74666E82844BF14000931E7 /* BasicRulesQuizPage.swift */,
				C74666EA2844F83D000931E7 /* PreflopRangePage.swift */,
				C70A6FD5285367FF00758786 /* PreflopRangeQuizPage.swift */,
				C78685342855D112002A9504 /* PostFlopPage.swift */,
				C78685382855D162002A9504 /* PostflopQuizPage.swift */,
			);
			path = "Quiz function";
			sourceTree = "<group>";
		};
		C78B64EA28440D98001989BA /* App Functions */ = {
			isa = PBXGroup;
			children = (
				B8D39BCB2865C9C700C207BA /* PotOddsv1 */,
				B8999A3F286390CF0079EE6B /* Model */,
				B8999A3E286390BB0079EE6B /* ViewModel */,
				C7D265BA2860EC2E00CEF89A /* Tracker function */,
				C786853A2855D6BF002A9504 /* Quiz function */,
			);
			path = "App Functions";
			sourceTree = "<group>";
		};
		C7D265BA2860EC2E00CEF89A /* Tracker function */ = {
			isa = PBXGroup;
			children = (
				C7D265C32861119C00CEF89A /* TrackerCocoaOLD.swift */,
				C7D265BB2860EC6E00CEF89A /* Home.swift */,
				C7D265C5286115EA00CEF89A /* TransactionCardView.swift */,
				C7D265C72861D0B000CEF89A /* FilteredDetailView.swift */,
				C7D265C928625C6200CEF89A /* ExpenseCard.swift */,
				B8D39BC92865C30600C207BA /* NewExpense.swift */,
				C7D265BD2860EC8A00CEF89A /* ContentView.swift */,
			);
			path = "Tracker function";
			sourceTree = "<group>";
		};
		C7F9973828437E0200C504B3 /* Helpers */ = {
			isa = PBXGroup;
			children = (
				C7F9973928437E1A00C504B3 /* Constants.swift */,
				C70517842858C4680085795D /* Extensions.swift */,
			);
			path = Helpers;
			sourceTree = "<group>";
		};
/* End PBXGroup section */

/* Begin PBXNativeTarget section */
		B8A79967283D2A8700F80FFD /* PokerBrosV2 */ = {
			isa = PBXNativeTarget;
			buildConfigurationList = B8A79995283D2A8800F80FFD /* Build configuration list for PBXNativeTarget "PokerBrosV2" */;
			buildPhases = (
				3B6D360BCC6ADDC5DB522030 /* [CP] Check Pods Manifest.lock */,
				B8A79964283D2A8700F80FFD /* Sources */,
				B8A79965283D2A8700F80FFD /* Frameworks */,
				B8A79966283D2A8700F80FFD /* Resources */,
				46B30AA46F8C3DCD889F53D7 /* [CP] Embed Pods Frameworks */,
			);
			buildRules = (
			);
			dependencies = (
			);
			name = PokerBrosV2;
			productName = PokerBrosV2;
			productReference = B8A79968283D2A8700F80FFD /* PokerBrosV2.app */;
			productType = "com.apple.product-type.application";
		};
		B8A79980283D2A8800F80FFD /* PokerBrosV2Tests */ = {
			isa = PBXNativeTarget;
			buildConfigurationList = B8A79998283D2A8800F80FFD /* Build configuration list for PBXNativeTarget "PokerBrosV2Tests" */;
			buildPhases = (
				456B630B3B118753F73EFB04 /* [CP] Check Pods Manifest.lock */,
				B8A7997D283D2A8800F80FFD /* Sources */,
				B8A7997E283D2A8800F80FFD /* Frameworks */,
				B8A7997F283D2A8800F80FFD /* Resources */,
			);
			buildRules = (
			);
			dependencies = (
				B8A79983283D2A8800F80FFD /* PBXTargetDependency */,
			);
			name = PokerBrosV2Tests;
			productName = PokerBrosV2Tests;
			productReference = B8A79981283D2A8800F80FFD /* PokerBrosV2Tests.xctest */;
			productType = "com.apple.product-type.bundle.unit-test";
		};
		B8A7998A283D2A8800F80FFD /* PokerBrosV2UITests */ = {
			isa = PBXNativeTarget;
			buildConfigurationList = B8A7999B283D2A8800F80FFD /* Build configuration list for PBXNativeTarget "PokerBrosV2UITests" */;
			buildPhases = (
				783C35FE4244CCCF587B5903 /* [CP] Check Pods Manifest.lock */,
				B8A79987283D2A8800F80FFD /* Sources */,
				B8A79988283D2A8800F80FFD /* Frameworks */,
				B8A79989283D2A8800F80FFD /* Resources */,
				FA937019FCB962BAC1500947 /* [CP] Embed Pods Frameworks */,
			);
			buildRules = (
			);
			dependencies = (
				B8A7998D283D2A8800F80FFD /* PBXTargetDependency */,
			);
			name = PokerBrosV2UITests;
			productName = PokerBrosV2UITests;
			productReference = B8A7998B283D2A8800F80FFD /* PokerBrosV2UITests.xctest */;
			productType = "com.apple.product-type.bundle.ui-testing";
		};
/* End PBXNativeTarget section */

/* Begin PBXProject section */
		B8A79960283D2A8700F80FFD /* Project object */ = {
			isa = PBXProject;
			attributes = {
				BuildIndependentTargetsInParallel = 1;
				LastSwiftUpdateCheck = 1330;
				LastUpgradeCheck = 1330;
				TargetAttributes = {
					B8A79967283D2A8700F80FFD = {
						CreatedOnToolsVersion = 13.3.1;
					};
					B8A79980283D2A8800F80FFD = {
						CreatedOnToolsVersion = 13.3.1;
						TestTargetID = B8A79967283D2A8700F80FFD;
					};
					B8A7998A283D2A8800F80FFD = {
						CreatedOnToolsVersion = 13.3.1;
						TestTargetID = B8A79967283D2A8700F80FFD;
					};
				};
			};
			buildConfigurationList = B8A79963283D2A8700F80FFD /* Build configuration list for PBXProject "PokerBrosV2" */;
			compatibilityVersion = "Xcode 13.0";
			developmentRegion = en;
			hasScannedForEncodings = 0;
			knownRegions = (
				en,
				Base,
			);
			mainGroup = B8A7995F283D2A8700F80FFD;
			productRefGroup = B8A79969283D2A8700F80FFD /* Products */;
			projectDirPath = "";
			projectRoot = "";
			targets = (
				B8A79967283D2A8700F80FFD /* PokerBrosV2 */,
				B8A79980283D2A8800F80FFD /* PokerBrosV2Tests */,
				B8A7998A283D2A8800F80FFD /* PokerBrosV2UITests */,
			);
		};
/* End PBXProject section */

/* Begin PBXResourcesBuildPhase section */
		B8A79966283D2A8700F80FFD /* Resources */ = {
			isa = PBXResourcesBuildPhase;
			buildActionMask = 2147483647;
			files = (
				B8A7997B283D2A8800F80FFD /* LaunchScreen.storyboard in Resources */,
				B8A799A1283D3F9500F80FFD /* GoogleService-Info.plist in Resources */,
				B8A79978283D2A8800F80FFD /* Assets.xcassets in Resources */,
				B8A79973283D2A8700F80FFD /* Main.storyboard in Resources */,
			);
			runOnlyForDeploymentPostprocessing = 0;
		};
		B8A7997F283D2A8800F80FFD /* Resources */ = {
			isa = PBXResourcesBuildPhase;
			buildActionMask = 2147483647;
			files = (
				B8A799A2283D3F9500F80FFD /* GoogleService-Info.plist in Resources */,
			);
			runOnlyForDeploymentPostprocessing = 0;
		};
		B8A79989283D2A8800F80FFD /* Resources */ = {
			isa = PBXResourcesBuildPhase;
			buildActionMask = 2147483647;
			files = (
				B8A799A3283D3F9500F80FFD /* GoogleService-Info.plist in Resources */,
			);
			runOnlyForDeploymentPostprocessing = 0;
		};
/* End PBXResourcesBuildPhase section */

/* Begin PBXShellScriptBuildPhase section */
		3B6D360BCC6ADDC5DB522030 /* [CP] Check Pods Manifest.lock */ = {
			isa = PBXShellScriptBuildPhase;
			buildActionMask = 2147483647;
			files = (
			);
			inputFileListPaths = (
			);
			inputPaths = (
				"${PODS_PODFILE_DIR_PATH}/Podfile.lock",
				"${PODS_ROOT}/Manifest.lock",
			);
			name = "[CP] Check Pods Manifest.lock";
			outputFileListPaths = (
			);
			outputPaths = (
				"$(DERIVED_FILE_DIR)/Pods-PokerBrosV2-checkManifestLockResult.txt",
			);
			runOnlyForDeploymentPostprocessing = 0;
			shellPath = /bin/sh;
			shellScript = "diff \"${PODS_PODFILE_DIR_PATH}/Podfile.lock\" \"${PODS_ROOT}/Manifest.lock\" > /dev/null\nif [ $? != 0 ] ; then\n    # print error to STDERR\n    echo \"error: The sandbox is not in sync with the Podfile.lock. Run 'pod install' or update your CocoaPods installation.\" >&2\n    exit 1\nfi\n# This output is used by Xcode 'outputs' to avoid re-running this script phase.\necho \"SUCCESS\" > \"${SCRIPT_OUTPUT_FILE_0}\"\n";
			showEnvVarsInLog = 0;
		};
		456B630B3B118753F73EFB04 /* [CP] Check Pods Manifest.lock */ = {
			isa = PBXShellScriptBuildPhase;
			buildActionMask = 2147483647;
			files = (
			);
			inputFileListPaths = (
			);
			inputPaths = (
				"${PODS_PODFILE_DIR_PATH}/Podfile.lock",
				"${PODS_ROOT}/Manifest.lock",
			);
			name = "[CP] Check Pods Manifest.lock";
			outputFileListPaths = (
			);
			outputPaths = (
				"$(DERIVED_FILE_DIR)/Pods-PokerBrosV2Tests-checkManifestLockResult.txt",
			);
			runOnlyForDeploymentPostprocessing = 0;
			shellPath = /bin/sh;
			shellScript = "diff \"${PODS_PODFILE_DIR_PATH}/Podfile.lock\" \"${PODS_ROOT}/Manifest.lock\" > /dev/null\nif [ $? != 0 ] ; then\n    # print error to STDERR\n    echo \"error: The sandbox is not in sync with the Podfile.lock. Run 'pod install' or update your CocoaPods installation.\" >&2\n    exit 1\nfi\n# This output is used by Xcode 'outputs' to avoid re-running this script phase.\necho \"SUCCESS\" > \"${SCRIPT_OUTPUT_FILE_0}\"\n";
			showEnvVarsInLog = 0;
		};
		46B30AA46F8C3DCD889F53D7 /* [CP] Embed Pods Frameworks */ = {
			isa = PBXShellScriptBuildPhase;
			buildActionMask = 2147483647;
			files = (
			);
			inputFileListPaths = (
				"${PODS_ROOT}/Target Support Files/Pods-PokerBrosV2/Pods-PokerBrosV2-frameworks-${CONFIGURATION}-input-files.xcfilelist",
			);
			name = "[CP] Embed Pods Frameworks";
			outputFileListPaths = (
				"${PODS_ROOT}/Target Support Files/Pods-PokerBrosV2/Pods-PokerBrosV2-frameworks-${CONFIGURATION}-output-files.xcfilelist",
			);
			runOnlyForDeploymentPostprocessing = 0;
			shellPath = /bin/sh;
			shellScript = "\"${PODS_ROOT}/Target Support Files/Pods-PokerBrosV2/Pods-PokerBrosV2-frameworks.sh\"\n";
			showEnvVarsInLog = 0;
		};
		783C35FE4244CCCF587B5903 /* [CP] Check Pods Manifest.lock */ = {
			isa = PBXShellScriptBuildPhase;
			buildActionMask = 2147483647;
			files = (
			);
			inputFileListPaths = (
			);
			inputPaths = (
				"${PODS_PODFILE_DIR_PATH}/Podfile.lock",
				"${PODS_ROOT}/Manifest.lock",
			);
			name = "[CP] Check Pods Manifest.lock";
			outputFileListPaths = (
			);
			outputPaths = (
				"$(DERIVED_FILE_DIR)/Pods-PokerBrosV2-PokerBrosV2UITests-checkManifestLockResult.txt",
			);
			runOnlyForDeploymentPostprocessing = 0;
			shellPath = /bin/sh;
			shellScript = "diff \"${PODS_PODFILE_DIR_PATH}/Podfile.lock\" \"${PODS_ROOT}/Manifest.lock\" > /dev/null\nif [ $? != 0 ] ; then\n    # print error to STDERR\n    echo \"error: The sandbox is not in sync with the Podfile.lock. Run 'pod install' or update your CocoaPods installation.\" >&2\n    exit 1\nfi\n# This output is used by Xcode 'outputs' to avoid re-running this script phase.\necho \"SUCCESS\" > \"${SCRIPT_OUTPUT_FILE_0}\"\n";
			showEnvVarsInLog = 0;
		};
		FA937019FCB962BAC1500947 /* [CP] Embed Pods Frameworks */ = {
			isa = PBXShellScriptBuildPhase;
			buildActionMask = 2147483647;
			files = (
			);
			inputFileListPaths = (
				"${PODS_ROOT}/Target Support Files/Pods-PokerBrosV2-PokerBrosV2UITests/Pods-PokerBrosV2-PokerBrosV2UITests-frameworks-${CONFIGURATION}-input-files.xcfilelist",
			);
			name = "[CP] Embed Pods Frameworks";
			outputFileListPaths = (
				"${PODS_ROOT}/Target Support Files/Pods-PokerBrosV2-PokerBrosV2UITests/Pods-PokerBrosV2-PokerBrosV2UITests-frameworks-${CONFIGURATION}-output-files.xcfilelist",
			);
			runOnlyForDeploymentPostprocessing = 0;
			shellPath = /bin/sh;
			shellScript = "\"${PODS_ROOT}/Target Support Files/Pods-PokerBrosV2-PokerBrosV2UITests/Pods-PokerBrosV2-PokerBrosV2UITests-frameworks.sh\"\n";
			showEnvVarsInLog = 0;
		};
/* End PBXShellScriptBuildPhase section */

/* Begin PBXSourcesBuildPhase section */
		B8A79964283D2A8700F80FFD /* Sources */ = {
			isa = PBXSourcesBuildPhase;
			buildActionMask = 2147483647;
			files = (
				C70517892858CB820085795D /* PreviewData.swift in Sources */,
				B8D39BCF2865CA1D00C207BA /* PotOddsCalcPage.swift in Sources */,
				C70517832858BCA10085795D /* TrackerCocoa.swift in Sources */,
				C74666E728446D69000931E7 /* BasicRulesPage.swift in Sources */,
				C7D265BC2860EC6E00CEF89A /* Home.swift in Sources */,
				C74666EB2844F83D000931E7 /* PreflopRangePage.swift in Sources */,
				B8D39BCD2865CA0100C207BA /* PotOddsPage.swift in Sources */,
				B81BBACF283E5FFA00FA89EB /* LogInPage.swift in Sources */,
				C7F997372843528000C504B3 /* HomePage.swift in Sources */,
				C70517872858CA2F0085795D /* GameModel.swift in Sources */,
				C7D265C02860ED3000CEF89A /* Expense.swift in Sources */,
				B8D39BCA2865C30600C207BA /* NewExpense.swift in Sources */,
				C70A6FD6285367FF00758786 /* PreflopRangeQuizPage.swift in Sources */,
				C78B64EC28440DB6001989BA /* Quiz.swift in Sources */,
				C7D265C6286115EA00CEF89A /* TransactionCardView.swift in Sources */,
				C70517812858BC3D0085795D /* Tracker.swift in Sources */,
				C7F99740284388F900C504B3 /* ProfilePage.swift in Sources */,
				B8A79970283D2A8700F80FFD /* ViewController.swift in Sources */,
				C7D265C22860EED200CEF89A /* ExpenseViewModel.swift in Sources */,
				C7D265C82861D0B100CEF89A /* FilteredDetailView.swift in Sources */,
				C74666E92844BF14000931E7 /* BasicRulesQuizPage.swift in Sources */,
				C7D265CA28625C6200CEF89A /* ExpenseCard.swift in Sources */,
				C705178F2859021D0085795D /* GameListViewModel.swift in Sources */,
				B8A7996C283D2A8700F80FFD /* AppDelegate.swift in Sources */,
				C70517852858C4680085795D /* Extensions.swift in Sources */,
				B8A7996E283D2A8700F80FFD /* SceneDelegate.swift in Sources */,
				B8A79976283D2A8700F80FFD /* PokerBrosV2.xcdatamodeld in Sources */,
				C7D265B92860E5A500CEF89A /* TrackerApp.swift in Sources */,
				B81BBACB283E5FD900FA89EB /* MainPage.swift in Sources */,
				B81BBACD283E5FEE00FA89EB /* SignUpPage.swift in Sources */,
				C78685352855D112002A9504 /* PostFlopPage.swift in Sources */,
				C7D265BE2860EC8A00CEF89A /* ContentView.swift in Sources */,
				C7D265C42861119C00CEF89A /* TrackerCocoaOLD.swift in Sources */,
				C78685392855D162002A9504 /* PostflopQuizPage.swift in Sources */,
				C705178D2858CD010085795D /* GameRow.swift in Sources */,
				C7F9973A28437E1A00C504B3 /* Constants.swift in Sources */,
			);
			runOnlyForDeploymentPostprocessing = 0;
		};
		B8A7997D283D2A8800F80FFD /* Sources */ = {
			isa = PBXSourcesBuildPhase;
			buildActionMask = 2147483647;
			files = (
				B8A79986283D2A8800F80FFD /* PokerBrosV2Tests.swift in Sources */,
			);
			runOnlyForDeploymentPostprocessing = 0;
		};
		B8A79987283D2A8800F80FFD /* Sources */ = {
			isa = PBXSourcesBuildPhase;
			buildActionMask = 2147483647;
			files = (
				B8A79992283D2A8800F80FFD /* PokerBrosV2UITestsLaunchTests.swift in Sources */,
				B8A79990283D2A8800F80FFD /* PokerBrosV2UITests.swift in Sources */,
			);
			runOnlyForDeploymentPostprocessing = 0;
		};
/* End PBXSourcesBuildPhase section */

/* Begin PBXTargetDependency section */
		B8A79983283D2A8800F80FFD /* PBXTargetDependency */ = {
			isa = PBXTargetDependency;
			target = B8A79967283D2A8700F80FFD /* PokerBrosV2 */;
			targetProxy = B8A79982283D2A8800F80FFD /* PBXContainerItemProxy */;
		};
		B8A7998D283D2A8800F80FFD /* PBXTargetDependency */ = {
			isa = PBXTargetDependency;
			target = B8A79967283D2A8700F80FFD /* PokerBrosV2 */;
			targetProxy = B8A7998C283D2A8800F80FFD /* PBXContainerItemProxy */;
		};
/* End PBXTargetDependency section */

/* Begin PBXVariantGroup section */
		B8A79971283D2A8700F80FFD /* Main.storyboard */ = {
			isa = PBXVariantGroup;
			children = (
				B8A79972283D2A8700F80FFD /* Base */,
			);
			name = Main.storyboard;
			sourceTree = "<group>";
		};
		B8A79979283D2A8800F80FFD /* LaunchScreen.storyboard */ = {
			isa = PBXVariantGroup;
			children = (
				B8A7997A283D2A8800F80FFD /* Base */,
			);
			name = LaunchScreen.storyboard;
			sourceTree = "<group>";
		};
/* End PBXVariantGroup section */

/* Begin XCBuildConfiguration section */
		B8A79993283D2A8800F80FFD /* Debug */ = {
			isa = XCBuildConfiguration;
			buildSettings = {
				ALWAYS_SEARCH_USER_PATHS = NO;
				CLANG_ANALYZER_NONNULL = YES;
				CLANG_ANALYZER_NUMBER_OBJECT_CONVERSION = YES_AGGRESSIVE;
				CLANG_CXX_LANGUAGE_STANDARD = "gnu++17";
				CLANG_ENABLE_MODULES = YES;
				CLANG_ENABLE_OBJC_ARC = YES;
				CLANG_ENABLE_OBJC_WEAK = YES;
				CLANG_WARN_BLOCK_CAPTURE_AUTORELEASING = YES;
				CLANG_WARN_BOOL_CONVERSION = YES;
				CLANG_WARN_COMMA = YES;
				CLANG_WARN_CONSTANT_CONVERSION = YES;
				CLANG_WARN_DEPRECATED_OBJC_IMPLEMENTATIONS = YES;
				CLANG_WARN_DIRECT_OBJC_ISA_USAGE = YES_ERROR;
				CLANG_WARN_DOCUMENTATION_COMMENTS = YES;
				CLANG_WARN_EMPTY_BODY = YES;
				CLANG_WARN_ENUM_CONVERSION = YES;
				CLANG_WARN_INFINITE_RECURSION = YES;
				CLANG_WARN_INT_CONVERSION = YES;
				CLANG_WARN_NON_LITERAL_NULL_CONVERSION = YES;
				CLANG_WARN_OBJC_IMPLICIT_RETAIN_SELF = YES;
				CLANG_WARN_OBJC_LITERAL_CONVERSION = YES;
				CLANG_WARN_OBJC_ROOT_CLASS = YES_ERROR;
				CLANG_WARN_QUOTED_INCLUDE_IN_FRAMEWORK_HEADER = YES;
				CLANG_WARN_RANGE_LOOP_ANALYSIS = YES;
				CLANG_WARN_STRICT_PROTOTYPES = YES;
				CLANG_WARN_SUSPICIOUS_MOVE = YES;
				CLANG_WARN_UNGUARDED_AVAILABILITY = YES_AGGRESSIVE;
				CLANG_WARN_UNREACHABLE_CODE = YES;
				CLANG_WARN__DUPLICATE_METHOD_MATCH = YES;
				COPY_PHASE_STRIP = NO;
				DEBUG_INFORMATION_FORMAT = dwarf;
				ENABLE_STRICT_OBJC_MSGSEND = YES;
				ENABLE_TESTABILITY = YES;
				GCC_C_LANGUAGE_STANDARD = gnu11;
				GCC_DYNAMIC_NO_PIC = NO;
				GCC_NO_COMMON_BLOCKS = YES;
				GCC_OPTIMIZATION_LEVEL = 0;
				GCC_PREPROCESSOR_DEFINITIONS = (
					"DEBUG=1",
					"$(inherited)",
				);
				GCC_WARN_64_TO_32_BIT_CONVERSION = YES;
				GCC_WARN_ABOUT_RETURN_TYPE = YES_ERROR;
				GCC_WARN_UNDECLARED_SELECTOR = YES;
				GCC_WARN_UNINITIALIZED_AUTOS = YES_AGGRESSIVE;
				GCC_WARN_UNUSED_FUNCTION = YES;
				GCC_WARN_UNUSED_VARIABLE = YES;
				IPHONEOS_DEPLOYMENT_TARGET = 15.4;
				MTL_ENABLE_DEBUG_INFO = INCLUDE_SOURCE;
				MTL_FAST_MATH = YES;
				ONLY_ACTIVE_ARCH = YES;
				SDKROOT = iphoneos;
				SWIFT_ACTIVE_COMPILATION_CONDITIONS = DEBUG;
				SWIFT_OPTIMIZATION_LEVEL = "-Onone";
			};
			name = Debug;
		};
		B8A79994283D2A8800F80FFD /* Release */ = {
			isa = XCBuildConfiguration;
			buildSettings = {
				ALWAYS_SEARCH_USER_PATHS = NO;
				CLANG_ANALYZER_NONNULL = YES;
				CLANG_ANALYZER_NUMBER_OBJECT_CONVERSION = YES_AGGRESSIVE;
				CLANG_CXX_LANGUAGE_STANDARD = "gnu++17";
				CLANG_ENABLE_MODULES = YES;
				CLANG_ENABLE_OBJC_ARC = YES;
				CLANG_ENABLE_OBJC_WEAK = YES;
				CLANG_WARN_BLOCK_CAPTURE_AUTORELEASING = YES;
				CLANG_WARN_BOOL_CONVERSION = YES;
				CLANG_WARN_COMMA = YES;
				CLANG_WARN_CONSTANT_CONVERSION = YES;
				CLANG_WARN_DEPRECATED_OBJC_IMPLEMENTATIONS = YES;
				CLANG_WARN_DIRECT_OBJC_ISA_USAGE = YES_ERROR;
				CLANG_WARN_DOCUMENTATION_COMMENTS = YES;
				CLANG_WARN_EMPTY_BODY = YES;
				CLANG_WARN_ENUM_CONVERSION = YES;
				CLANG_WARN_INFINITE_RECURSION = YES;
				CLANG_WARN_INT_CONVERSION = YES;
				CLANG_WARN_NON_LITERAL_NULL_CONVERSION = YES;
				CLANG_WARN_OBJC_IMPLICIT_RETAIN_SELF = YES;
				CLANG_WARN_OBJC_LITERAL_CONVERSION = YES;
				CLANG_WARN_OBJC_ROOT_CLASS = YES_ERROR;
				CLANG_WARN_QUOTED_INCLUDE_IN_FRAMEWORK_HEADER = YES;
				CLANG_WARN_RANGE_LOOP_ANALYSIS = YES;
				CLANG_WARN_STRICT_PROTOTYPES = YES;
				CLANG_WARN_SUSPICIOUS_MOVE = YES;
				CLANG_WARN_UNGUARDED_AVAILABILITY = YES_AGGRESSIVE;
				CLANG_WARN_UNREACHABLE_CODE = YES;
				CLANG_WARN__DUPLICATE_METHOD_MATCH = YES;
				COPY_PHASE_STRIP = NO;
				DEBUG_INFORMATION_FORMAT = "dwarf-with-dsym";
				ENABLE_NS_ASSERTIONS = NO;
				ENABLE_STRICT_OBJC_MSGSEND = YES;
				GCC_C_LANGUAGE_STANDARD = gnu11;
				GCC_NO_COMMON_BLOCKS = YES;
				GCC_WARN_64_TO_32_BIT_CONVERSION = YES;
				GCC_WARN_ABOUT_RETURN_TYPE = YES_ERROR;
				GCC_WARN_UNDECLARED_SELECTOR = YES;
				GCC_WARN_UNINITIALIZED_AUTOS = YES_AGGRESSIVE;
				GCC_WARN_UNUSED_FUNCTION = YES;
				GCC_WARN_UNUSED_VARIABLE = YES;
				IPHONEOS_DEPLOYMENT_TARGET = 15.4;
				MTL_ENABLE_DEBUG_INFO = NO;
				MTL_FAST_MATH = YES;
				SDKROOT = iphoneos;
				SWIFT_COMPILATION_MODE = wholemodule;
				SWIFT_OPTIMIZATION_LEVEL = "-O";
				VALIDATE_PRODUCT = YES;
			};
			name = Release;
		};
		B8A79996283D2A8800F80FFD /* Debug */ = {
			isa = XCBuildConfiguration;
			baseConfigurationReference = AC6E3F80E4F08CCA6FC4DF1D /* Pods-PokerBrosV2.debug.xcconfig */;
			buildSettings = {
				ASSETCATALOG_COMPILER_APPICON_NAME = AppIcon;
				ASSETCATALOG_COMPILER_GLOBAL_ACCENT_COLOR_NAME = AccentColor;
				CODE_SIGN_STYLE = Automatic;
				CURRENT_PROJECT_VERSION = 1;
				DEVELOPMENT_TEAM = MBFH28UH6J;
				GENERATE_INFOPLIST_FILE = YES;
				INFOPLIST_FILE = PokerBrosV2/Info.plist;
				INFOPLIST_KEY_UIApplicationSupportsIndirectInputEvents = YES;
				INFOPLIST_KEY_UILaunchStoryboardName = LaunchScreen;
				INFOPLIST_KEY_UIMainStoryboardFile = Main;
				INFOPLIST_KEY_UISupportedInterfaceOrientations_iPad = "UIInterfaceOrientationPortrait UIInterfaceOrientationPortraitUpsideDown UIInterfaceOrientationLandscapeLeft UIInterfaceOrientationLandscapeRight";
				INFOPLIST_KEY_UISupportedInterfaceOrientations_iPhone = "UIInterfaceOrientationPortrait UIInterfaceOrientationLandscapeLeft UIInterfaceOrientationLandscapeRight";
				LD_RUNPATH_SEARCH_PATHS = (
					"$(inherited)",
					"@executable_path/Frameworks",
				);
				MARKETING_VERSION = 1.0;
				PRODUCT_BUNDLE_IDENTIFIER = ArtemisPokerBros.PokerBrosV2;
				PRODUCT_NAME = "$(TARGET_NAME)";
				SWIFT_EMIT_LOC_STRINGS = YES;
				SWIFT_VERSION = 5.0;
				TARGETED_DEVICE_FAMILY = "1,2";
			};
			name = Debug;
		};
		B8A79997283D2A8800F80FFD /* Release */ = {
			isa = XCBuildConfiguration;
			baseConfigurationReference = 6CA48A07EDEE43E45E901A6F /* Pods-PokerBrosV2.release.xcconfig */;
			buildSettings = {
				ASSETCATALOG_COMPILER_APPICON_NAME = AppIcon;
				ASSETCATALOG_COMPILER_GLOBAL_ACCENT_COLOR_NAME = AccentColor;
				CODE_SIGN_STYLE = Automatic;
				CURRENT_PROJECT_VERSION = 1;
				DEVELOPMENT_TEAM = MBFH28UH6J;
				GENERATE_INFOPLIST_FILE = YES;
				INFOPLIST_FILE = PokerBrosV2/Info.plist;
				INFOPLIST_KEY_UIApplicationSupportsIndirectInputEvents = YES;
				INFOPLIST_KEY_UILaunchStoryboardName = LaunchScreen;
				INFOPLIST_KEY_UIMainStoryboardFile = Main;
				INFOPLIST_KEY_UISupportedInterfaceOrientations_iPad = "UIInterfaceOrientationPortrait UIInterfaceOrientationPortraitUpsideDown UIInterfaceOrientationLandscapeLeft UIInterfaceOrientationLandscapeRight";
				INFOPLIST_KEY_UISupportedInterfaceOrientations_iPhone = "UIInterfaceOrientationPortrait UIInterfaceOrientationLandscapeLeft UIInterfaceOrientationLandscapeRight";
				LD_RUNPATH_SEARCH_PATHS = (
					"$(inherited)",
					"@executable_path/Frameworks",
				);
				MARKETING_VERSION = 1.0;
				PRODUCT_BUNDLE_IDENTIFIER = ArtemisPokerBros.PokerBrosV2;
				PRODUCT_NAME = "$(TARGET_NAME)";
				SWIFT_EMIT_LOC_STRINGS = YES;
				SWIFT_VERSION = 5.0;
				TARGETED_DEVICE_FAMILY = "1,2";
			};
			name = Release;
		};
		B8A79999283D2A8800F80FFD /* Debug */ = {
			isa = XCBuildConfiguration;
			baseConfigurationReference = 64B5E40A483E6D933FCC7029 /* Pods-PokerBrosV2Tests.debug.xcconfig */;
			buildSettings = {
				ALWAYS_EMBED_SWIFT_STANDARD_LIBRARIES = YES;
				BUNDLE_LOADER = "$(TEST_HOST)";
				CODE_SIGN_STYLE = Automatic;
				CURRENT_PROJECT_VERSION = 1;
				DEVELOPMENT_TEAM = MBFH28UH6J;
				GENERATE_INFOPLIST_FILE = YES;
				IPHONEOS_DEPLOYMENT_TARGET = 15.4;
				MARKETING_VERSION = 1.0;
				PRODUCT_BUNDLE_IDENTIFIER = ArtemisPokerBros.PokerBrosV2Tests;
				PRODUCT_NAME = "$(TARGET_NAME)";
				SWIFT_EMIT_LOC_STRINGS = NO;
				SWIFT_VERSION = 5.0;
				TARGETED_DEVICE_FAMILY = "1,2";
				TEST_HOST = "$(BUILT_PRODUCTS_DIR)/PokerBrosV2.app/PokerBrosV2";
			};
			name = Debug;
		};
		B8A7999A283D2A8800F80FFD /* Release */ = {
			isa = XCBuildConfiguration;
			baseConfigurationReference = C26014840F747BA453271D5C /* Pods-PokerBrosV2Tests.release.xcconfig */;
			buildSettings = {
				ALWAYS_EMBED_SWIFT_STANDARD_LIBRARIES = YES;
				BUNDLE_LOADER = "$(TEST_HOST)";
				CODE_SIGN_STYLE = Automatic;
				CURRENT_PROJECT_VERSION = 1;
				DEVELOPMENT_TEAM = MBFH28UH6J;
				GENERATE_INFOPLIST_FILE = YES;
				IPHONEOS_DEPLOYMENT_TARGET = 15.4;
				MARKETING_VERSION = 1.0;
				PRODUCT_BUNDLE_IDENTIFIER = ArtemisPokerBros.PokerBrosV2Tests;
				PRODUCT_NAME = "$(TARGET_NAME)";
				SWIFT_EMIT_LOC_STRINGS = NO;
				SWIFT_VERSION = 5.0;
				TARGETED_DEVICE_FAMILY = "1,2";
				TEST_HOST = "$(BUILT_PRODUCTS_DIR)/PokerBrosV2.app/PokerBrosV2";
			};
			name = Release;
		};
		B8A7999C283D2A8800F80FFD /* Debug */ = {
			isa = XCBuildConfiguration;
			baseConfigurationReference = 8524267318002F8D3AF4BAA6 /* Pods-PokerBrosV2-PokerBrosV2UITests.debug.xcconfig */;
			buildSettings = {
				ALWAYS_EMBED_SWIFT_STANDARD_LIBRARIES = YES;
				CODE_SIGN_STYLE = Automatic;
				CURRENT_PROJECT_VERSION = 1;
				DEVELOPMENT_TEAM = MBFH28UH6J;
				GENERATE_INFOPLIST_FILE = YES;
				MARKETING_VERSION = 1.0;
				PRODUCT_BUNDLE_IDENTIFIER = ArtemisPokerBros.PokerBrosV2UITests;
				PRODUCT_NAME = "$(TARGET_NAME)";
				SWIFT_EMIT_LOC_STRINGS = NO;
				SWIFT_VERSION = 5.0;
				TARGETED_DEVICE_FAMILY = "1,2";
				TEST_TARGET_NAME = PokerBrosV2;
			};
			name = Debug;
		};
		B8A7999D283D2A8800F80FFD /* Release */ = {
			isa = XCBuildConfiguration;
			baseConfigurationReference = EC8324533BD091C69C356F4C /* Pods-PokerBrosV2-PokerBrosV2UITests.release.xcconfig */;
			buildSettings = {
				ALWAYS_EMBED_SWIFT_STANDARD_LIBRARIES = YES;
				CODE_SIGN_STYLE = Automatic;
				CURRENT_PROJECT_VERSION = 1;
				DEVELOPMENT_TEAM = MBFH28UH6J;
				GENERATE_INFOPLIST_FILE = YES;
				MARKETING_VERSION = 1.0;
				PRODUCT_BUNDLE_IDENTIFIER = ArtemisPokerBros.PokerBrosV2UITests;
				PRODUCT_NAME = "$(TARGET_NAME)";
				SWIFT_EMIT_LOC_STRINGS = NO;
				SWIFT_VERSION = 5.0;
				TARGETED_DEVICE_FAMILY = "1,2";
				TEST_TARGET_NAME = PokerBrosV2;
			};
			name = Release;
		};
/* End XCBuildConfiguration section */

/* Begin XCConfigurationList section */
		B8A79963283D2A8700F80FFD /* Build configuration list for PBXProject "PokerBrosV2" */ = {
			isa = XCConfigurationList;
			buildConfigurations = (
				B8A79993283D2A8800F80FFD /* Debug */,
				B8A79994283D2A8800F80FFD /* Release */,
			);
			defaultConfigurationIsVisible = 0;
			defaultConfigurationName = Release;
		};
		B8A79995283D2A8800F80FFD /* Build configuration list for PBXNativeTarget "PokerBrosV2" */ = {
			isa = XCConfigurationList;
			buildConfigurations = (
				B8A79996283D2A8800F80FFD /* Debug */,
				B8A79997283D2A8800F80FFD /* Release */,
			);
			defaultConfigurationIsVisible = 0;
			defaultConfigurationName = Release;
		};
		B8A79998283D2A8800F80FFD /* Build configuration list for PBXNativeTarget "PokerBrosV2Tests" */ = {
			isa = XCConfigurationList;
			buildConfigurations = (
				B8A79999283D2A8800F80FFD /* Debug */,
				B8A7999A283D2A8800F80FFD /* Release */,
			);
			defaultConfigurationIsVisible = 0;
			defaultConfigurationName = Release;
		};
		B8A7999B283D2A8800F80FFD /* Build configuration list for PBXNativeTarget "PokerBrosV2UITests" */ = {
			isa = XCConfigurationList;
			buildConfigurations = (
				B8A7999C283D2A8800F80FFD /* Debug */,
				B8A7999D283D2A8800F80FFD /* Release */,
			);
			defaultConfigurationIsVisible = 0;
			defaultConfigurationName = Release;
		};
/* End XCConfigurationList section */

/* Begin XCVersionGroup section */
		B8A79974283D2A8700F80FFD /* PokerBrosV2.xcdatamodeld */ = {
			isa = XCVersionGroup;
			children = (
				B8A79975283D2A8700F80FFD /* PokerBrosV2.xcdatamodel */,
			);
			currentVersion = B8A79975283D2A8700F80FFD /* PokerBrosV2.xcdatamodel */;
			path = PokerBrosV2.xcdatamodeld;
			sourceTree = "<group>";
			versionGroupType = wrapper.xcdatamodel;
		};
/* End XCVersionGroup section */
	};
	rootObject = B8A79960283D2A8700F80FFD /* Project object */;
}
